// !$*UTF8*$!
{
	archiveVersion = 1;
	classes = {
	};
	objectVersion = 46;
	objects = {

/* Begin PBXBuildFile section */
		42E71E91810F9B31D268ED9D /* Pods_taiwanese_translation.framework in Frameworks */ = {isa = PBXBuildFile; fileRef = 6EC11AE235FF4C50CF941591 /* Pods_taiwanese_translation.framework */; };
		7E6431C1EC952DEFD1FEEE18 /* Pods_taiwanese_translationUITests.framework in Frameworks */ = {isa = PBXBuildFile; fileRef = BE300DA35BFECECEDDA69F42 /* Pods_taiwanese_translationUITests.framework */; };
		D07DCE95A900CCB3FBE1241B /* Pods_taiwanese_translationTests.framework in Frameworks */ = {isa = PBXBuildFile; fileRef = 19ACBC2585766BF16384822D /* Pods_taiwanese_translationTests.framework */; };
		F05D84ED210C9DCC00529FD3 /* AppDelegate.swift in Sources */ = {isa = PBXBuildFile; fileRef = F05D84EC210C9DCC00529FD3 /* AppDelegate.swift */; };
		F05D84EF210C9DCC00529FD3 /* ViewController.swift in Sources */ = {isa = PBXBuildFile; fileRef = F05D84EE210C9DCC00529FD3 /* ViewController.swift */; };
		F05D84F2210C9DCD00529FD3 /* Main.storyboard in Resources */ = {isa = PBXBuildFile; fileRef = F05D84F0210C9DCD00529FD3 /* Main.storyboard */; };
		F05D84F4210C9DCD00529FD3 /* Assets.xcassets in Resources */ = {isa = PBXBuildFile; fileRef = F05D84F3210C9DCD00529FD3 /* Assets.xcassets */; };
		F05D84F7210C9DCD00529FD3 /* LaunchScreen.storyboard in Resources */ = {isa = PBXBuildFile; fileRef = F05D84F5210C9DCD00529FD3 /* LaunchScreen.storyboard */; };
		F05D8502210C9DCF00529FD3 /* taiwanese_translationTests.swift in Sources */ = {isa = PBXBuildFile; fileRef = F05D8501210C9DCF00529FD3 /* taiwanese_translationTests.swift */; };
		F05D850D210C9DCF00529FD3 /* taiwanese_translationUITests.swift in Sources */ = {isa = PBXBuildFile; fileRef = F05D850C210C9DCF00529FD3 /* taiwanese_translationUITests.swift */; };
/* End PBXBuildFile section */

/* Begin PBXContainerItemProxy section */
		F05D84FE210C9DCF00529FD3 /* PBXContainerItemProxy */ = {
			isa = PBXContainerItemProxy;
			containerPortal = F05D84E1210C9DC800529FD3 /* Project object */;
			proxyType = 1;
			remoteGlobalIDString = F05D84E8210C9DC800529FD3;
			remoteInfo = taiwanese_translation;
		};
		F05D8509210C9DCF00529FD3 /* PBXContainerItemProxy */ = {
			isa = PBXContainerItemProxy;
			containerPortal = F05D84E1210C9DC800529FD3 /* Project object */;
			proxyType = 1;
			remoteGlobalIDString = F05D84E8210C9DC800529FD3;
			remoteInfo = taiwanese_translation;
		};
/* End PBXContainerItemProxy section */

/* Begin PBXFileReference section */
		0561F77E9698D85FC10FB8F5 /* Pods-taiwanese_translationTests.release.xcconfig */ = {isa = PBXFileReference; includeInIndex = 1; lastKnownFileType = text.xcconfig; name = "Pods-taiwanese_translationTests.release.xcconfig"; path = "Pods/Target Support Files/Pods-taiwanese_translationTests/Pods-taiwanese_translationTests.release.xcconfig"; sourceTree = "<group>"; };
		187C4D6063F6924B77BD1F8B /* Pods-taiwanese_translationTests.debug.xcconfig */ = {isa = PBXFileReference; includeInIndex = 1; lastKnownFileType = text.xcconfig; name = "Pods-taiwanese_translationTests.debug.xcconfig"; path = "Pods/Target Support Files/Pods-taiwanese_translationTests/Pods-taiwanese_translationTests.debug.xcconfig"; sourceTree = "<group>"; };
		19ACBC2585766BF16384822D /* Pods_taiwanese_translationTests.framework */ = {isa = PBXFileReference; explicitFileType = wrapper.framework; includeInIndex = 0; path = Pods_taiwanese_translationTests.framework; sourceTree = BUILT_PRODUCTS_DIR; };
		3CF2DDC99457E919263978EE /* Pods-taiwanese_translation.release.xcconfig */ = {isa = PBXFileReference; includeInIndex = 1; lastKnownFileType = text.xcconfig; name = "Pods-taiwanese_translation.release.xcconfig"; path = "Pods/Target Support Files/Pods-taiwanese_translation/Pods-taiwanese_translation.release.xcconfig"; sourceTree = "<group>"; };
		583C487D2890E80B2F0C279A /* Pods-taiwanese_translationUITests.debug.xcconfig */ = {isa = PBXFileReference; includeInIndex = 1; lastKnownFileType = text.xcconfig; name = "Pods-taiwanese_translationUITests.debug.xcconfig"; path = "Pods/Target Support Files/Pods-taiwanese_translationUITests/Pods-taiwanese_translationUITests.debug.xcconfig"; sourceTree = "<group>"; };
		6EC11AE235FF4C50CF941591 /* Pods_taiwanese_translation.framework */ = {isa = PBXFileReference; explicitFileType = wrapper.framework; includeInIndex = 0; path = Pods_taiwanese_translation.framework; sourceTree = BUILT_PRODUCTS_DIR; };
		7495547D0A8AAD521095618D /* Pods-taiwanese_translation.debug.xcconfig */ = {isa = PBXFileReference; includeInIndex = 1; lastKnownFileType = text.xcconfig; name = "Pods-taiwanese_translation.debug.xcconfig"; path = "Pods/Target Support Files/Pods-taiwanese_translation/Pods-taiwanese_translation.debug.xcconfig"; sourceTree = "<group>"; };
		9E4BD02E383AE01F7F1211C7 /* Pods-taiwanese_translationUITests.release.xcconfig */ = {isa = PBXFileReference; includeInIndex = 1; lastKnownFileType = text.xcconfig; name = "Pods-taiwanese_translationUITests.release.xcconfig"; path = "Pods/Target Support Files/Pods-taiwanese_translationUITests/Pods-taiwanese_translationUITests.release.xcconfig"; sourceTree = "<group>"; };
		BE300DA35BFECECEDDA69F42 /* Pods_taiwanese_translationUITests.framework */ = {isa = PBXFileReference; explicitFileType = wrapper.framework; includeInIndex = 0; path = Pods_taiwanese_translationUITests.framework; sourceTree = BUILT_PRODUCTS_DIR; };
		F05D84E9210C9DCB00529FD3 /* taiwanese_translation.app */ = {isa = PBXFileReference; explicitFileType = wrapper.application; includeInIndex = 0; path = taiwanese_translation.app; sourceTree = BUILT_PRODUCTS_DIR; };
		F05D84EC210C9DCC00529FD3 /* AppDelegate.swift */ = {isa = PBXFileReference; lastKnownFileType = sourcecode.swift; path = AppDelegate.swift; sourceTree = "<group>"; };
		F05D84EE210C9DCC00529FD3 /* ViewController.swift */ = {isa = PBXFileReference; lastKnownFileType = sourcecode.swift; path = ViewController.swift; sourceTree = "<group>"; };
		F05D84F1210C9DCD00529FD3 /* Base */ = {isa = PBXFileReference; lastKnownFileType = file.storyboard; name = Base; path = Base.lproj/Main.storyboard; sourceTree = "<group>"; };
		F05D84F3210C9DCD00529FD3 /* Assets.xcassets */ = {isa = PBXFileReference; lastKnownFileType = folder.assetcatalog; path = Assets.xcassets; sourceTree = "<group>"; };
		F05D84F6210C9DCD00529FD3 /* Base */ = {isa = PBXFileReference; lastKnownFileType = file.storyboard; name = Base; path = Base.lproj/LaunchScreen.storyboard; sourceTree = "<group>"; };
		F05D84F8210C9DCD00529FD3 /* Info.plist */ = {isa = PBXFileReference; lastKnownFileType = text.plist.xml; path = Info.plist; sourceTree = "<group>"; };
		F05D84FD210C9DCF00529FD3 /* taiwanese_translationTests.xctest */ = {isa = PBXFileReference; explicitFileType = wrapper.cfbundle; includeInIndex = 0; path = taiwanese_translationTests.xctest; sourceTree = BUILT_PRODUCTS_DIR; };
		F05D8501210C9DCF00529FD3 /* taiwanese_translationTests.swift */ = {isa = PBXFileReference; lastKnownFileType = sourcecode.swift; path = taiwanese_translationTests.swift; sourceTree = "<group>"; };
		F05D8503210C9DCF00529FD3 /* Info.plist */ = {isa = PBXFileReference; lastKnownFileType = text.plist.xml; path = Info.plist; sourceTree = "<group>"; };
		F05D8508210C9DCF00529FD3 /* taiwanese_translationUITests.xctest */ = {isa = PBXFileReference; explicitFileType = wrapper.cfbundle; includeInIndex = 0; path = taiwanese_translationUITests.xctest; sourceTree = BUILT_PRODUCTS_DIR; };
		F05D850C210C9DCF00529FD3 /* taiwanese_translationUITests.swift */ = {isa = PBXFileReference; lastKnownFileType = sourcecode.swift; path = taiwanese_translationUITests.swift; sourceTree = "<group>"; };
		F05D850E210C9DCF00529FD3 /* Info.plist */ = {isa = PBXFileReference; lastKnownFileType = text.plist.xml; path = Info.plist; sourceTree = "<group>"; };
/* End PBXFileReference section */

/* Begin PBXFrameworksBuildPhase section */
		F05D84E6210C9DC800529FD3 /* Frameworks */ = {
			isa = PBXFrameworksBuildPhase;
			buildActionMask = 2147483647;
			files = (
				42E71E91810F9B31D268ED9D /* Pods_taiwanese_translation.framework in Frameworks */,
			);
			runOnlyForDeploymentPostprocessing = 0;
		};
		F05D84FA210C9DCF00529FD3 /* Frameworks */ = {
			isa = PBXFrameworksBuildPhase;
			buildActionMask = 2147483647;
			files = (
				D07DCE95A900CCB3FBE1241B /* Pods_taiwanese_translationTests.framework in Frameworks */,
			);
			runOnlyForDeploymentPostprocessing = 0;
		};
		F05D8505210C9DCF00529FD3 /* Frameworks */ = {
			isa = PBXFrameworksBuildPhase;
			buildActionMask = 2147483647;
			files = (
				7E6431C1EC952DEFD1FEEE18 /* Pods_taiwanese_translationUITests.framework in Frameworks */,
			);
			runOnlyForDeploymentPostprocessing = 0;
		};
/* End PBXFrameworksBuildPhase section */

/* Begin PBXGroup section */
		53B75917C8252D907F5A3BFA /* Pods */ = {
			isa = PBXGroup;
			children = (
				7495547D0A8AAD521095618D /* Pods-taiwanese_translation.debug.xcconfig */,
				3CF2DDC99457E919263978EE /* Pods-taiwanese_translation.release.xcconfig */,
				187C4D6063F6924B77BD1F8B /* Pods-taiwanese_translationTests.debug.xcconfig */,
				0561F77E9698D85FC10FB8F5 /* Pods-taiwanese_translationTests.release.xcconfig */,
				583C487D2890E80B2F0C279A /* Pods-taiwanese_translationUITests.debug.xcconfig */,
				9E4BD02E383AE01F7F1211C7 /* Pods-taiwanese_translationUITests.release.xcconfig */,
			);
			name = Pods;
			sourceTree = "<group>";
		};
		66B6583D07FB7364A99BE25A /* Frameworks */ = {
			isa = PBXGroup;
			children = (
				6EC11AE235FF4C50CF941591 /* Pods_taiwanese_translation.framework */,
				19ACBC2585766BF16384822D /* Pods_taiwanese_translationTests.framework */,
				BE300DA35BFECECEDDA69F42 /* Pods_taiwanese_translationUITests.framework */,
			);
			name = Frameworks;
			sourceTree = "<group>";
		};
		F05D84E0210C9DC700529FD3 = {
			isa = PBXGroup;
			children = (
				F05D84EB210C9DCB00529FD3 /* taiwanese_translation */,
				F05D8500210C9DCF00529FD3 /* taiwanese_translationTests */,
				F05D850B210C9DCF00529FD3 /* taiwanese_translationUITests */,
				F05D84EA210C9DCB00529FD3 /* Products */,
				53B75917C8252D907F5A3BFA /* Pods */,
				66B6583D07FB7364A99BE25A /* Frameworks */,
			);
			sourceTree = "<group>";
		};
		F05D84EA210C9DCB00529FD3 /* Products */ = {
			isa = PBXGroup;
			children = (
				F05D84E9210C9DCB00529FD3 /* taiwanese_translation.app */,
				F05D84FD210C9DCF00529FD3 /* taiwanese_translationTests.xctest */,
				F05D8508210C9DCF00529FD3 /* taiwanese_translationUITests.xctest */,
			);
			name = Products;
			sourceTree = "<group>";
		};
		F05D84EB210C9DCB00529FD3 /* taiwanese_translation */ = {
			isa = PBXGroup;
			children = (
				F05D84EC210C9DCC00529FD3 /* AppDelegate.swift */,
				F05D84EE210C9DCC00529FD3 /* ViewController.swift */,
				F05D84F0210C9DCD00529FD3 /* Main.storyboard */,
				F05D84F3210C9DCD00529FD3 /* Assets.xcassets */,
				F05D84F5210C9DCD00529FD3 /* LaunchScreen.storyboard */,
				F05D84F8210C9DCD00529FD3 /* Info.plist */,
			);
			path = taiwanese_translation;
			sourceTree = "<group>";
		};
		F05D8500210C9DCF00529FD3 /* taiwanese_translationTests */ = {
			isa = PBXGroup;
			children = (
				F05D8501210C9DCF00529FD3 /* taiwanese_translationTests.swift */,
				F05D8503210C9DCF00529FD3 /* Info.plist */,
			);
			path = taiwanese_translationTests;
			sourceTree = "<group>";
		};
		F05D850B210C9DCF00529FD3 /* taiwanese_translationUITests */ = {
			isa = PBXGroup;
			children = (
				F05D850C210C9DCF00529FD3 /* taiwanese_translationUITests.swift */,
				F05D850E210C9DCF00529FD3 /* Info.plist */,
			);
			path = taiwanese_translationUITests;
			sourceTree = "<group>";
		};
/* End PBXGroup section */

/* Begin PBXNativeTarget section */
		F05D84E8210C9DC800529FD3 /* taiwanese_translation */ = {
			isa = PBXNativeTarget;
			buildConfigurationList = F05D8511210C9DCF00529FD3 /* Build configuration list for PBXNativeTarget "taiwanese_translation" */;
			buildPhases = (
				A0ADFE42C763D30F1AF2F919 /* [CP] Check Pods Manifest.lock */,
				F05D84E5210C9DC800529FD3 /* Sources */,
				F05D84E6210C9DC800529FD3 /* Frameworks */,
				F05D84E7210C9DC800529FD3 /* Resources */,
				7DBE56187F24D72CFA81226D /* [CP] Embed Pods Frameworks */,
			);
			buildRules = (
			);
			dependencies = (
			);
			name = taiwanese_translation;
			productName = taiwanese_translation;
			productReference = F05D84E9210C9DCB00529FD3 /* taiwanese_translation.app */;
			productType = "com.apple.product-type.application";
		};
		F05D84FC210C9DCF00529FD3 /* taiwanese_translationTests */ = {
			isa = PBXNativeTarget;
			buildConfigurationList = F05D8514210C9DCF00529FD3 /* Build configuration list for PBXNativeTarget "taiwanese_translationTests" */;
			buildPhases = (
				C95AF0FE135EC7B2B7161376 /* [CP] Check Pods Manifest.lock */,
				F05D84F9210C9DCF00529FD3 /* Sources */,
				F05D84FA210C9DCF00529FD3 /* Frameworks */,
				F05D84FB210C9DCF00529FD3 /* Resources */,
			);
			buildRules = (
			);
			dependencies = (
				F05D84FF210C9DCF00529FD3 /* PBXTargetDependency */,
			);
			name = taiwanese_translationTests;
			productName = taiwanese_translationTests;
			productReference = F05D84FD210C9DCF00529FD3 /* taiwanese_translationTests.xctest */;
			productType = "com.apple.product-type.bundle.unit-test";
		};
		F05D8507210C9DCF00529FD3 /* taiwanese_translationUITests */ = {
			isa = PBXNativeTarget;
			buildConfigurationList = F05D8517210C9DCF00529FD3 /* Build configuration list for PBXNativeTarget "taiwanese_translationUITests" */;
			buildPhases = (
				ED3769CB4F65C76319A1B5B3 /* [CP] Check Pods Manifest.lock */,
				F05D8504210C9DCF00529FD3 /* Sources */,
				F05D8505210C9DCF00529FD3 /* Frameworks */,
				F05D8506210C9DCF00529FD3 /* Resources */,
			);
			buildRules = (
			);
			dependencies = (
				F05D850A210C9DCF00529FD3 /* PBXTargetDependency */,
			);
			name = taiwanese_translationUITests;
			productName = taiwanese_translationUITests;
			productReference = F05D8508210C9DCF00529FD3 /* taiwanese_translationUITests.xctest */;
			productType = "com.apple.product-type.bundle.ui-testing";
		};
/* End PBXNativeTarget section */

/* Begin PBXProject section */
		F05D84E1210C9DC800529FD3 /* Project object */ = {
			isa = PBXProject;
			attributes = {
				LastSwiftUpdateCheck = 0830;
				LastUpgradeCheck = 0920;
				ORGANIZATIONNAME = taiwanspeech;
				TargetAttributes = {
					F05D84E8210C9DC800529FD3 = {
						CreatedOnToolsVersion = 8.3.2;
						DevelopmentTeam = T7P4U2YFU6;
						LastSwiftMigration = 0920;
						ProvisioningStyle = Automatic;
					};
					F05D84FC210C9DCF00529FD3 = {
						CreatedOnToolsVersion = 8.3.2;
						LastSwiftMigration = 0920;
						ProvisioningStyle = Automatic;
						TestTargetID = F05D84E8210C9DC800529FD3;
					};
					F05D8507210C9DCF00529FD3 = {
						CreatedOnToolsVersion = 8.3.2;
						LastSwiftMigration = 0920;
						ProvisioningStyle = Automatic;
						TestTargetID = F05D84E8210C9DC800529FD3;
					};
				};
			};
			buildConfigurationList = F05D84E4210C9DC800529FD3 /* Build configuration list for PBXProject "taiwanese_translation" */;
			compatibilityVersion = "Xcode 3.2";
			developmentRegion = English;
			hasScannedForEncodings = 0;
			knownRegions = (
				en,
				Base,
			);
			mainGroup = F05D84E0210C9DC700529FD3;
			productRefGroup = F05D84EA210C9DCB00529FD3 /* Products */;
			projectDirPath = "";
			projectRoot = "";
			targets = (
				F05D84E8210C9DC800529FD3 /* taiwanese_translation */,
				F05D84FC210C9DCF00529FD3 /* taiwanese_translationTests */,
				F05D8507210C9DCF00529FD3 /* taiwanese_translationUITests */,
			);
		};
/* End PBXProject section */

/* Begin PBXResourcesBuildPhase section */
		F05D84E7210C9DC800529FD3 /* Resources */ = {
			isa = PBXResourcesBuildPhase;
			buildActionMask = 2147483647;
			files = (
				F05D84F7210C9DCD00529FD3 /* LaunchScreen.storyboard in Resources */,
				F05D84F4210C9DCD00529FD3 /* Assets.xcassets in Resources */,
				F05D84F2210C9DCD00529FD3 /* Main.storyboard in Resources */,
			);
			runOnlyForDeploymentPostprocessing = 0;
		};
		F05D84FB210C9DCF00529FD3 /* Resources */ = {
			isa = PBXResourcesBuildPhase;
			buildActionMask = 2147483647;
			files = (
			);
			runOnlyForDeploymentPostprocessing = 0;
		};
		F05D8506210C9DCF00529FD3 /* Resources */ = {
			isa = PBXResourcesBuildPhase;
			buildActionMask = 2147483647;
			files = (
			);
			runOnlyForDeploymentPostprocessing = 0;
		};
/* End PBXResourcesBuildPhase section */

/* Begin PBXShellScriptBuildPhase section */
		7DBE56187F24D72CFA81226D /* [CP] Embed Pods Frameworks */ = {
			isa = PBXShellScriptBuildPhase;
			buildActionMask = 2147483647;
			files = (
			);
			inputPaths = (
				"${SRCROOT}/Pods/Target Support Files/Pods-taiwanese_translation/Pods-taiwanese_translation-frameworks.sh",
				"${BUILT_PRODUCTS_DIR}/SwiftSocket/SwiftSocket.framework",
			);
			name = "[CP] Embed Pods Frameworks";
			outputPaths = (
				"${TARGET_BUILD_DIR}/${FRAMEWORKS_FOLDER_PATH}/SwiftSocket.framework",
			);
			runOnlyForDeploymentPostprocessing = 0;
			shellPath = /bin/sh;
			shellScript = "\"${SRCROOT}/Pods/Target Support Files/Pods-taiwanese_translation/Pods-taiwanese_translation-frameworks.sh\"\n";
			showEnvVarsInLog = 0;
		};
		A0ADFE42C763D30F1AF2F919 /* [CP] Check Pods Manifest.lock */ = {
			isa = PBXShellScriptBuildPhase;
			buildActionMask = 2147483647;
			files = (
			);
			inputPaths = (
				"${PODS_PODFILE_DIR_PATH}/Podfile.lock",
				"${PODS_ROOT}/Manifest.lock",
			);
			name = "[CP] Check Pods Manifest.lock";
			outputPaths = (
				"$(DERIVED_FILE_DIR)/Pods-taiwanese_translation-checkManifestLockResult.txt",
			);
			runOnlyForDeploymentPostprocessing = 0;
			shellPath = /bin/sh;
			shellScript = "diff \"${PODS_PODFILE_DIR_PATH}/Podfile.lock\" \"${PODS_ROOT}/Manifest.lock\" > /dev/null\nif [ $? != 0 ] ; then\n    # print error to STDERR\n    echo \"error: The sandbox is not in sync with the Podfile.lock. Run 'pod install' or update your CocoaPods installation.\" >&2\n    exit 1\nfi\n# This output is used by Xcode 'outputs' to avoid re-running this script phase.\necho \"SUCCESS\" > \"${SCRIPT_OUTPUT_FILE_0}\"\n";
			showEnvVarsInLog = 0;
		};
		C95AF0FE135EC7B2B7161376 /* [CP] Check Pods Manifest.lock */ = {
			isa = PBXShellScriptBuildPhase;
			buildActionMask = 2147483647;
			files = (
			);
			inputPaths = (
				"${PODS_PODFILE_DIR_PATH}/Podfile.lock",
				"${PODS_ROOT}/Manifest.lock",
			);
			name = "[CP] Check Pods Manifest.lock";
			outputPaths = (
				"$(DERIVED_FILE_DIR)/Pods-taiwanese_translationTests-checkManifestLockResult.txt",
			);
			runOnlyForDeploymentPostprocessing = 0;
			shellPath = /bin/sh;
			shellScript = "diff \"${PODS_PODFILE_DIR_PATH}/Podfile.lock\" \"${PODS_ROOT}/Manifest.lock\" > /dev/null\nif [ $? != 0 ] ; then\n    # print error to STDERR\n    echo \"error: The sandbox is not in sync with the Podfile.lock. Run 'pod install' or update your CocoaPods installation.\" >&2\n    exit 1\nfi\n# This output is used by Xcode 'outputs' to avoid re-running this script phase.\necho \"SUCCESS\" > \"${SCRIPT_OUTPUT_FILE_0}\"\n";
			showEnvVarsInLog = 0;
		};
		ED3769CB4F65C76319A1B5B3 /* [CP] Check Pods Manifest.lock */ = {
			isa = PBXShellScriptBuildPhase;
			buildActionMask = 2147483647;
			files = (
			);
			inputPaths = (
				"${PODS_PODFILE_DIR_PATH}/Podfile.lock",
				"${PODS_ROOT}/Manifest.lock",
			);
			name = "[CP] Check Pods Manifest.lock";
			outputPaths = (
				"$(DERIVED_FILE_DIR)/Pods-taiwanese_translationUITests-checkManifestLockResult.txt",
			);
			runOnlyForDeploymentPostprocessing = 0;
			shellPath = /bin/sh;
			shellScript = "diff \"${PODS_PODFILE_DIR_PATH}/Podfile.lock\" \"${PODS_ROOT}/Manifest.lock\" > /dev/null\nif [ $? != 0 ] ; then\n    # print error to STDERR\n    echo \"error: The sandbox is not in sync with the Podfile.lock. Run 'pod install' or update your CocoaPods installation.\" >&2\n    exit 1\nfi\n# This output is used by Xcode 'outputs' to avoid re-running this script phase.\necho \"SUCCESS\" > \"${SCRIPT_OUTPUT_FILE_0}\"\n";
			showEnvVarsInLog = 0;
		};
/* End PBXShellScriptBuildPhase section */

/* Begin PBXSourcesBuildPhase section */
		F05D84E5210C9DC800529FD3 /* Sources */ = {
			isa = PBXSourcesBuildPhase;
			buildActionMask = 2147483647;
			files = (
				F05D84EF210C9DCC00529FD3 /* ViewController.swift in Sources */,
				F05D84ED210C9DCC00529FD3 /* AppDelegate.swift in Sources */,
			);
			runOnlyForDeploymentPostprocessing = 0;
		};
		F05D84F9210C9DCF00529FD3 /* Sources */ = {
			isa = PBXSourcesBuildPhase;
			buildActionMask = 2147483647;
			files = (
				F05D8502210C9DCF00529FD3 /* taiwanese_translationTests.swift in Sources */,
			);
			runOnlyForDeploymentPostprocessing = 0;
		};
		F05D8504210C9DCF00529FD3 /* Sources */ = {
			isa = PBXSourcesBuildPhase;
			buildActionMask = 2147483647;
			files = (
				F05D850D210C9DCF00529FD3 /* taiwanese_translationUITests.swift in Sources */,
			);
			runOnlyForDeploymentPostprocessing = 0;
		};
/* End PBXSourcesBuildPhase section */

/* Begin PBXTargetDependency section */
		F05D84FF210C9DCF00529FD3 /* PBXTargetDependency */ = {
			isa = PBXTargetDependency;
			target = F05D84E8210C9DC800529FD3 /* taiwanese_translation */;
			targetProxy = F05D84FE210C9DCF00529FD3 /* PBXContainerItemProxy */;
		};
		F05D850A210C9DCF00529FD3 /* PBXTargetDependency */ = {
			isa = PBXTargetDependency;
			target = F05D84E8210C9DC800529FD3 /* taiwanese_translation */;
			targetProxy = F05D8509210C9DCF00529FD3 /* PBXContainerItemProxy */;
		};
/* End PBXTargetDependency section */

/* Begin PBXVariantGroup section */
		F05D84F0210C9DCD00529FD3 /* Main.storyboard */ = {
			isa = PBXVariantGroup;
			children = (
				F05D84F1210C9DCD00529FD3 /* Base */,
			);
			name = Main.storyboard;
			sourceTree = "<group>";
		};
		F05D84F5210C9DCD00529FD3 /* LaunchScreen.storyboard */ = {
			isa = PBXVariantGroup;
			children = (
				F05D84F6210C9DCD00529FD3 /* Base */,
			);
			name = LaunchScreen.storyboard;
			sourceTree = "<group>";
		};
/* End PBXVariantGroup section */

/* Begin XCBuildConfiguration section */
		F05D850F210C9DCF00529FD3 /* Debug */ = {
			isa = XCBuildConfiguration;
			buildSettings = {
				ALWAYS_SEARCH_USER_PATHS = NO;
				CLANG_ANALYZER_NONNULL = YES;
				CLANG_ANALYZER_NUMBER_OBJECT_CONVERSION = YES_AGGRESSIVE;
				CLANG_CXX_LANGUAGE_STANDARD = "gnu++0x";
				CLANG_CXX_LIBRARY = "libc++";
				CLANG_ENABLE_MODULES = YES;
				CLANG_ENABLE_OBJC_ARC = YES;
				CLANG_WARN_BLOCK_CAPTURE_AUTORELEASING = YES;
				CLANG_WARN_BOOL_CONVERSION = YES;
				CLANG_WARN_COMMA = YES;
				CLANG_WARN_CONSTANT_CONVERSION = YES;
				CLANG_WARN_DIRECT_OBJC_ISA_USAGE = YES_ERROR;
				CLANG_WARN_DOCUMENTATION_COMMENTS = YES;
				CLANG_WARN_EMPTY_BODY = YES;
				CLANG_WARN_ENUM_CONVERSION = YES;
				CLANG_WARN_INFINITE_RECURSION = YES;
				CLANG_WARN_INT_CONVERSION = YES;
				CLANG_WARN_NON_LITERAL_NULL_CONVERSION = YES;
				CLANG_WARN_OBJC_LITERAL_CONVERSION = YES;
				CLANG_WARN_OBJC_ROOT_CLASS = YES_ERROR;
				CLANG_WARN_RANGE_LOOP_ANALYSIS = YES;
				CLANG_WARN_STRICT_PROTOTYPES = YES;
				CLANG_WARN_SUSPICIOUS_MOVE = YES;
				CLANG_WARN_UNREACHABLE_CODE = YES;
				CLANG_WARN__DUPLICATE_METHOD_MATCH = YES;
				"CODE_SIGN_IDENTITY[sdk=iphoneos*]" = "iPhone Developer";
				COPY_PHASE_STRIP = NO;
				DEBUG_INFORMATION_FORMAT = dwarf;
				ENABLE_STRICT_OBJC_MSGSEND = YES;
				ENABLE_TESTABILITY = YES;
				GCC_C_LANGUAGE_STANDARD = gnu99;
				GCC_DYNAMIC_NO_PIC = NO;
				GCC_NO_COMMON_BLOCKS = YES;
				GCC_OPTIMIZATION_LEVEL = 0;
				GCC_PREPROCESSOR_DEFINITIONS = (
					"DEBUG=1",
					"$(inherited)",
				);
				GCC_WARN_64_TO_32_BIT_CONVERSION = YES;
				GCC_WARN_ABOUT_RETURN_TYPE = YES_ERROR;
				GCC_WARN_UNDECLARED_SELECTOR = YES;
				GCC_WARN_UNINITIALIZED_AUTOS = YES_AGGRESSIVE;
				GCC_WARN_UNUSED_FUNCTION = YES;
				GCC_WARN_UNUSED_VARIABLE = YES;
				IPHONEOS_DEPLOYMENT_TARGET = 10.3;
				MTL_ENABLE_DEBUG_INFO = YES;
				ONLY_ACTIVE_ARCH = YES;
				SDKROOT = iphoneos;
				SWIFT_ACTIVE_COMPILATION_CONDITIONS = DEBUG;
				SWIFT_OPTIMIZATION_LEVEL = "-Onone";
				SWIFT_VERSION = 4.0;
				TARGETED_DEVICE_FAMILY = "1,2";
			};
			name = Debug;
		};
		F05D8510210C9DCF00529FD3 /* Release */ = {
			isa = XCBuildConfiguration;
			buildSettings = {
				ALWAYS_SEARCH_USER_PATHS = NO;
				CLANG_ANALYZER_NONNULL = YES;
				CLANG_ANALYZER_NUMBER_OBJECT_CONVERSION = YES_AGGRESSIVE;
				CLANG_CXX_LANGUAGE_STANDARD = "gnu++0x";
				CLANG_CXX_LIBRARY = "libc++";
				CLANG_ENABLE_MODULES = YES;
				CLANG_ENABLE_OBJC_ARC = YES;
				CLANG_WARN_BLOCK_CAPTURE_AUTORELEASING = YES;
				CLANG_WARN_BOOL_CONVERSION = YES;
				CLANG_WARN_COMMA = YES;
				CLANG_WARN_CONSTANT_CONVERSION = YES;
				CLANG_WARN_DIRECT_OBJC_ISA_USAGE = YES_ERROR;
				CLANG_WARN_DOCUMENTATION_COMMENTS = YES;
				CLANG_WARN_EMPTY_BODY = YES;
				CLANG_WARN_ENUM_CONVERSION = YES;
				CLANG_WARN_INFINITE_RECURSION = YES;
				CLANG_WARN_INT_CONVERSION = YES;
				CLANG_WARN_NON_LITERAL_NULL_CONVERSION = YES;
				CLANG_WARN_OBJC_LITERAL_CONVERSION = YES;
				CLANG_WARN_OBJC_ROOT_CLASS = YES_ERROR;
				CLANG_WARN_RANGE_LOOP_ANALYSIS = YES;
				CLANG_WARN_STRICT_PROTOTYPES = YES;
				CLANG_WARN_SUSPICIOUS_MOVE = YES;
				CLANG_WARN_UNREACHABLE_CODE = YES;
				CLANG_WARN__DUPLICATE_METHOD_MATCH = YES;
				"CODE_SIGN_IDENTITY[sdk=iphoneos*]" = "iPhone Developer";
				COPY_PHASE_STRIP = NO;
				DEBUG_INFORMATION_FORMAT = "dwarf-with-dsym";
				ENABLE_NS_ASSERTIONS = NO;
				ENABLE_STRICT_OBJC_MSGSEND = YES;
				GCC_C_LANGUAGE_STANDARD = gnu99;
				GCC_NO_COMMON_BLOCKS = YES;
				GCC_WARN_64_TO_32_BIT_CONVERSION = YES;
				GCC_WARN_ABOUT_RETURN_TYPE = YES_ERROR;
				GCC_WARN_UNDECLARED_SELECTOR = YES;
				GCC_WARN_UNINITIALIZED_AUTOS = YES_AGGRESSIVE;
				GCC_WARN_UNUSED_FUNCTION = YES;
				GCC_WARN_UNUSED_VARIABLE = YES;
				IPHONEOS_DEPLOYMENT_TARGET = 10.3;
				MTL_ENABLE_DEBUG_INFO = NO;
				SDKROOT = iphoneos;
				SWIFT_OPTIMIZATION_LEVEL = "-Owholemodule";
				SWIFT_VERSION = 4.0;
				TARGETED_DEVICE_FAMILY = "1,2";
				VALIDATE_PRODUCT = YES;
			};
			name = Release;
		};
		F05D8512210C9DCF00529FD3 /* Debug */ = {
			isa = XCBuildConfiguration;
			baseConfigurationReference = 7495547D0A8AAD521095618D /* Pods-taiwanese_translation.debug.xcconfig */;
			buildSettings = {
				ASSETCATALOG_COMPILER_APPICON_NAME = AppIcon;
				CODE_SIGN_IDENTITY = "iPhone Developer";
				"CODE_SIGN_IDENTITY[sdk=iphoneos*]" = "iPhone Developer";
				CODE_SIGN_STYLE = Automatic;
				DEVELOPMENT_TEAM = T7P4U2YFU6;
				INFOPLIST_FILE = taiwanese_translation/Info.plist;
				IPHONEOS_DEPLOYMENT_TARGET = 10.3;
				LD_RUNPATH_SEARCH_PATHS = "$(inherited) @executable_path/Frameworks";
				PRODUCT_BUNDLE_IDENTIFIER = "com.taiwanspeech.taiwanese-translation";
				PRODUCT_NAME = "$(TARGET_NAME)";
				PROVISIONING_PROFILE_SPECIFIER = "";
				SWIFT_SWIFT3_OBJC_INFERENCE = Default;
				SWIFT_VERSION = 4.0;
			};
			name = Debug;
		};
		F05D8513210C9DCF00529FD3 /* Release */ = {
			isa = XCBuildConfiguration;
			baseConfigurationReference = 3CF2DDC99457E919263978EE /* Pods-taiwanese_translation.release.xcconfig */;
			buildSettings = {
				ASSETCATALOG_COMPILER_APPICON_NAME = AppIcon;
				CODE_SIGN_IDENTITY = "iPhone Developer";
				"CODE_SIGN_IDENTITY[sdk=iphoneos*]" = "iPhone Developer";
				CODE_SIGN_STYLE = Automatic;
				DEVELOPMENT_TEAM = T7P4U2YFU6;
				INFOPLIST_FILE = taiwanese_translation/Info.plist;
				IPHONEOS_DEPLOYMENT_TARGET = 10.3;
				LD_RUNPATH_SEARCH_PATHS = "$(inherited) @executable_path/Frameworks";
				PRODUCT_BUNDLE_IDENTIFIER = "com.taiwanspeech.taiwanese-translation";
				PRODUCT_NAME = "$(TARGET_NAME)";
				PROVISIONING_PROFILE_SPECIFIER = "";
				SWIFT_SWIFT3_OBJC_INFERENCE = Default;
				SWIFT_VERSION = 4.0;
			};
			name = Release;
		};
		F05D8515210C9DCF00529FD3 /* Debug */ = {
			isa = XCBuildConfiguration;
			baseConfigurationReference = 187C4D6063F6924B77BD1F8B /* Pods-taiwanese_translationTests.debug.xcconfig */;
			buildSettings = {
				ALWAYS_EMBED_SWIFT_STANDARD_LIBRARIES = YES;
				BUNDLE_LOADER = "$(TEST_HOST)";
				INFOPLIST_FILE = taiwanese_translationTests/Info.plist;
				LD_RUNPATH_SEARCH_PATHS = "$(inherited) @executable_path/Frameworks @loader_path/Frameworks";
				PRODUCT_BUNDLE_IDENTIFIER = "com.taiwanspeech.taiwanese-translationTests";
				PRODUCT_NAME = "$(TARGET_NAME)";
				SWIFT_SWIFT3_OBJC_INFERENCE = Default;
				SWIFT_VERSION = 4.0;
				TEST_HOST = "$(BUILT_PRODUCTS_DIR)/taiwanese_translation.app/taiwanese_translation";
			};
			name = Debug;
		};
		F05D8516210C9DCF00529FD3 /* Release */ = {
			isa = XCBuildConfiguration;
			baseConfigurationReference = 0561F77E9698D85FC10FB8F5 /* Pods-taiwanese_translationTests.release.xcconfig */;
			buildSettings = {
				ALWAYS_EMBED_SWIFT_STANDARD_LIBRARIES = YES;
				BUNDLE_LOADER = "$(TEST_HOST)";
				INFOPLIST_FILE = taiwanese_translationTests/Info.plist;
				LD_RUNPATH_SEARCH_PATHS = "$(inherited) @executable_path/Frameworks @loader_path/Frameworks";
				PRODUCT_BUNDLE_IDENTIFIER = "com.taiwanspeech.taiwanese-translationTests";
				PRODUCT_NAME = "$(TARGET_NAME)";
				SWIFT_SWIFT3_OBJC_INFERENCE = Default;
				SWIFT_VERSION = 4.0;
				TEST_HOST = "$(BUILT_PRODUCTS_DIR)/taiwanese_translation.app/taiwanese_translation";
			};
			name = Release;
		};
		F05D8518210C9DCF00529FD3 /* Debug */ = {
			isa = XCBuildConfiguration;
			baseConfigurationReference = 583C487D2890E80B2F0C279A /* Pods-taiwanese_translationUITests.debug.xcconfig */;
			buildSettings = {
				ALWAYS_EMBED_SWIFT_STANDARD_LIBRARIES = YES;
				INFOPLIST_FILE = taiwanese_translationUITests/Info.plist;
				LD_RUNPATH_SEARCH_PATHS = "$(inherited) @executable_path/Frameworks @loader_path/Frameworks";
				PRODUCT_BUNDLE_IDENTIFIER = "com.taiwanspeech.taiwanese-translationUITests";
				PRODUCT_NAME = "$(TARGET_NAME)";
				SWIFT_SWIFT3_OBJC_INFERENCE = Default;
				SWIFT_VERSION = 4.0;
				TEST_TARGET_NAME = taiwanese_translation;
			};
			name = Debug;
		};
		F05D8519210C9DCF00529FD3 /* Release */ = {
			isa = XCBuildConfiguration;
			baseConfigurationReference = 9E4BD02E383AE01F7F1211C7 /* Pods-taiwanese_translationUITests.release.xcconfig */;
			buildSettings = {
				ALWAYS_EMBED_SWIFT_STANDARD_LIBRARIES = YES;
				INFOPLIST_FILE = taiwanese_translationUITests/Info.plist;
				LD_RUNPATH_SEARCH_PATHS = "$(inherited) @executable_path/Frameworks @loader_path/Frameworks";
				PRODUCT_BUNDLE_IDENTIFIER = "com.taiwanspeech.taiwanese-translationUITests";
				PRODUCT_NAME = "$(TARGET_NAME)";
				SWIFT_SWIFT3_OBJC_INFERENCE = Default;
				SWIFT_VERSION = 4.0;
				TEST_TARGET_NAME = taiwanese_translation;
			};
			name = Release;
		};
/* End XCBuildConfiguration section */

/* Begin XCConfigurationList section */
		F05D84E4210C9DC800529FD3 /* Build configuration list for PBXProject "taiwanese_translation" */ = {
			isa = XCConfigurationList;
			buildConfigurations = (
				F05D850F210C9DCF00529FD3 /* Debug */,
				F05D8510210C9DCF00529FD3 /* Release */,
			);
			defaultConfigurationIsVisible = 0;
			defaultConfigurationName = Release;
		};
		F05D8511210C9DCF00529FD3 /* Build configuration list for PBXNativeTarget "taiwanese_translation" */ = {
			isa = XCConfigurationList;
			buildConfigurations = (
				F05D8512210C9DCF00529FD3 /* Debug */,
				F05D8513210C9DCF00529FD3 /* Release */,
			);
			defaultConfigurationIsVisible = 0;
			defaultConfigurationName = Release;
		};
		F05D8514210C9DCF00529FD3 /* Build configuration list for PBXNativeTarget "taiwanese_translationTests" */ = {
			isa = XCConfigurationList;
			buildConfigurations = (
				F05D8515210C9DCF00529FD3 /* Debug */,
				F05D8516210C9DCF00529FD3 /* Release */,
			);
			defaultConfigurationIsVisible = 0;
			defaultConfigurationName = Release;
		};
		F05D8517210C9DCF00529FD3 /* Build configuration list for PBXNativeTarget "taiwanese_translationUITests" */ = {
			isa = XCConfigurationList;
			buildConfigurations = (
				F05D8518210C9DCF00529FD3 /* Debug */,
				F05D8519210C9DCF00529FD3 /* Release */,
			);
			defaultConfigurationIsVisible = 0;
			defaultConfigurationName = Release;
		};
/* End XCConfigurationList section */
	};
	rootObject = F05D84E1210C9DC800529FD3 /* Project object */;
}
